
Microsoft Visual Studio Solution File, Format Version 12.00
# Visual Studio Version 16
VisualStudioVersion = 16.0.31729.503
MinimumVisualStudioVersion = 10.0.40219.1
Project("{FAE04EC0-301F-11D3-BF4B-00C04F79EFBC}") = "WpfResourceString", "WpfResourceString\WpfResourceString.csproj", "{0F8D46B1-CC34-4D5F-ADEA-935B77E520FC}"
EndProject
Global
	GlobalSection(SolutionConfigurationPlatforms) = preSolution
		Debug|Any CPU = Debug|Any CPU
		Release|Any CPU = Release|Any CPU
	EndGlobalSection
	GlobalSection(ProjectConfigurationPlatforms) = postSolution
		{0F8D46B1-CC34-4D5F-ADEA-935B77E520FC}.Debug|Any CPU.ActiveCfg = Debug|Any CPU
		{0F8D46B1-CC34-4D5F-ADEA-935B77E520FC}.Debug|Any CPU.Build.0 = Debug|Any CPU
		{0F8D46B1-CC34-4D5F-ADEA-935B77E520FC}.Release|Any CPU.ActiveCfg = Release|Any CPU
		{0F8D46B1-CC34-4D5F-ADEA-935B77E520FC}.Release|Any CPU.Build.0 = Release|Any CPU
	EndGlobalSection
	GlobalSection(SolutionProperties) = preSolution
		HideSolutionNode = FALSE
	EndGlobalSection
	GlobalSection(ExtensibilityGlobals) = postSolution
		SolutionGuid = {C7AC7A41-E6C1-4413-AE91-75118B357FAD}
	EndGlobalSection
EndGlobal
